
Microsoft Visual Studio Solution File, Format Version 12.00
# Visual Studio Version 17
VisualStudioVersion = 17.0.32014.148
MinimumVisualStudioVersion = 10.0.40219.1
Project("{FAE04EC0-301F-11D3-BF4B-00C04F79EFBC}") = "graph", "graph\graph.csproj", "{59630B6A-CF3E-4B7F-8B6E-B085D7705396}"
EndProject
Global
	GlobalSection(SolutionConfigurationPlatforms) = preSolution
		Debug|Any CPU = Debug|Any CPU
		Release|Any CPU = Release|Any CPU
	EndGlobalSection
	GlobalSection(ProjectConfigurationPlatforms) = postSolution
		{59630B6A-CF3E-4B7F-8B6E-B085D7705396}.Debug|Any CPU.ActiveCfg = Debug|Any CPU
		{59630B6A-CF3E-4B7F-8B6E-B085D7705396}.Debug|Any CPU.Build.0 = Debug|Any CPU
		{59630B6A-CF3E-4B7F-8B6E-B085D7705396}.Release|Any CPU.ActiveCfg = Release|Any CPU
		{59630B6A-CF3E-4B7F-8B6E-B085D7705396}.Release|Any CPU.Build.0 = Release|Any CPU
	EndGlobalSection
	GlobalSection(SolutionProperties) = preSolution
		HideSolutionNode = FALSE
	EndGlobalSection
	GlobalSection(ExtensibilityGlobals) = postSolution
		SolutionGuid = {14372650-7459-4EEA-AF9D-5DFFD38A2A0B}
	EndGlobalSection
EndGlobal
